// !$*UTF8*$!
{
	archiveVersion = 1;
	classes = {
	};
	objectVersion = 50;
	objects = {

/* Begin PBXBuildFile section */
		DD83D97E23C1A93E00B0E833 /* AppDelegate.swift in Sources */ = {isa = PBXBuildFile; fileRef = DD83D97D23C1A93E00B0E833 /* AppDelegate.swift */; };
		DD83D98023C1A93E00B0E833 /* SceneDelegate.swift in Sources */ = {isa = PBXBuildFile; fileRef = DD83D97F23C1A93E00B0E833 /* SceneDelegate.swift */; };
		DD83D98523C1A93E00B0E833 /* Main.storyboard in Resources */ = {isa = PBXBuildFile; fileRef = DD83D98323C1A93E00B0E833 /* Main.storyboard */; };
		DD83D98723C1A93F00B0E833 /* Assets.xcassets in Resources */ = {isa = PBXBuildFile; fileRef = DD83D98623C1A93F00B0E833 /* Assets.xcassets */; };
		DD83D98A23C1A93F00B0E833 /* LaunchScreen.storyboard in Resources */ = {isa = PBXBuildFile; fileRef = DD83D98823C1A93F00B0E833 /* LaunchScreen.storyboard */; };
		DD83D99223C1AB6900B0E833 /* AlbumButton.swift in Sources */ = {isa = PBXBuildFile; fileRef = DD83D99123C1AB6900B0E833 /* AlbumButton.swift */; };
/* End PBXBuildFile section */

/* Begin PBXFileReference section */
		DD83D97A23C1A93E00B0E833 /* KanyeWestMusicPlayer.app */ = {isa = PBXFileReference; explicitFileType = wrapper.application; includeInIndex = 0; path = KanyeWestMusicPlayer.app; sourceTree = BUILT_PRODUCTS_DIR; };
		DD83D97D23C1A93E00B0E833 /* AppDelegate.swift */ = {isa = PBXFileReference; lastKnownFileType = sourcecode.swift; path = AppDelegate.swift; sourceTree = "<group>"; };
		DD83D97F23C1A93E00B0E833 /* SceneDelegate.swift */ = {isa = PBXFileReference; lastKnownFileType = sourcecode.swift; path = SceneDelegate.swift; sourceTree = "<group>"; };
		DD83D98423C1A93E00B0E833 /* Base */ = {isa = PBXFileReference; lastKnownFileType = file.storyboard; name = Base; path = Base.lproj/Main.storyboard; sourceTree = "<group>"; };
		DD83D98623C1A93F00B0E833 /* Assets.xcassets */ = {isa = PBXFileReference; lastKnownFileType = folder.assetcatalog; path = Assets.xcassets; sourceTree = "<group>"; };
		DD83D98923C1A93F00B0E833 /* Base */ = {isa = PBXFileReference; lastKnownFileType = file.storyboard; name = Base; path = Base.lproj/LaunchScreen.storyboard; sourceTree = "<group>"; };
		DD83D98B23C1A93F00B0E833 /* Info.plist */ = {isa = PBXFileReference; lastKnownFileType = text.plist.xml; path = Info.plist; sourceTree = "<group>"; };
		DD83D99123C1AB6900B0E833 /* AlbumButton.swift */ = {isa = PBXFileReference; lastKnownFileType = sourcecode.swift; path = AlbumButton.swift; sourceTree = "<group>"; };
/* End PBXFileReference section */

/* Begin PBXFrameworksBuildPhase section */
		DD83D97723C1A93E00B0E833 /* Frameworks */ = {
			isa = PBXFrameworksBuildPhase;
			buildActionMask = 2147483647;
			files = (
			);
			runOnlyForDeploymentPostprocessing = 0;
		};
/* End PBXFrameworksBuildPhase section */

/* Begin PBXGroup section */
		DD83D97123C1A93D00B0E833 = {
			isa = PBXGroup;
			children = (
				DD83D97C23C1A93E00B0E833 /* KanyeWestMusicPlayer */,
				DD83D97B23C1A93E00B0E833 /* Products */,
			);
			sourceTree = "<group>";
		};
		DD83D97B23C1A93E00B0E833 /* Products */ = {
			isa = PBXGroup;
			children = (
				DD83D97A23C1A93E00B0E833 /* KanyeWestMusicPlayer.app */,
			);
			name = Products;
			sourceTree = "<group>";
		};
		DD83D97C23C1A93E00B0E833 /* KanyeWestMusicPlayer */ = {
			isa = PBXGroup;
			children = (
				DD83D97D23C1A93E00B0E833 /* AppDelegate.swift */,
				DD83D97F23C1A93E00B0E833 /* SceneDelegate.swift */,
				DD83D99123C1AB6900B0E833 /* AlbumButton.swift */,
				DD83D98323C1A93E00B0E833 /* Main.storyboard */,
				DD83D98623C1A93F00B0E833 /* Assets.xcassets */,
				DD83D98823C1A93F00B0E833 /* LaunchScreen.storyboard */,
				DD83D98B23C1A93F00B0E833 /* Info.plist */,
			);
			path = KanyeWestMusicPlayer;
			sourceTree = "<group>";
		};
/* End PBXGroup section */

/* Begin PBXNativeTarget section */
		DD83D97923C1A93E00B0E833 /* KanyeWestMusicPlayer */ = {
			isa = PBXNativeTarget;
			buildConfigurationList = DD83D98E23C1A93F00B0E833 /* Build configuration list for PBXNativeTarget "KanyeWestMusicPlayer" */;
			buildPhases = (
				DD83D97623C1A93E00B0E833 /* Sources */,
				DD83D97723C1A93E00B0E833 /* Frameworks */,
				DD83D97823C1A93E00B0E833 /* Resources */,
			);
			buildRules = (
			);
			dependencies = (
			);
			name = KanyeWestMusicPlayer;
			productName = KanyeWestMusicPlayer;
			productReference = DD83D97A23C1A93E00B0E833 /* KanyeWestMusicPlayer.app */;
			productType = "com.apple.product-type.application";
		};
/* End PBXNativeTarget section */

/* Begin PBXProject section */
		DD83D97223C1A93D00B0E833 /* Project object */ = {
			isa = PBXProject;
			attributes = {
				LastSwiftUpdateCheck = 1130;
				LastUpgradeCheck = 1130;
				ORGANIZATIONNAME = "Sufyan Jami";
				TargetAttributes = {
					DD83D97923C1A93E00B0E833 = {
						CreatedOnToolsVersion = 11.3;
					};
				};
			};
			buildConfigurationList = DD83D97523C1A93D00B0E833 /* Build configuration list for PBXProject "KanyeWestMusicPlayer" */;
			compatibilityVersion = "Xcode 9.3";
			developmentRegion = en;
			hasScannedForEncodings = 0;
			knownRegions = (
				en,
				Base,
			);
			mainGroup = DD83D97123C1A93D00B0E833;
			productRefGroup = DD83D97B23C1A93E00B0E833 /* Products */;
			projectDirPath = "";
			projectRoot = "";
			targets = (
				DD83D97923C1A93E00B0E833 /* KanyeWestMusicPlayer */,
			);
		};
/* End PBXProject section */

/* Begin PBXResourcesBuildPhase section */
		DD83D97823C1A93E00B0E833 /* Resources */ = {
			isa = PBXResourcesBuildPhase;
			buildActionMask = 2147483647;
			files = (
				DD83D98A23C1A93F00B0E833 /* LaunchScreen.storyboard in Resources */,
				DD83D98723C1A93F00B0E833 /* Assets.xcassets in Resources */,
				DD83D98523C1A93E00B0E833 /* Main.storyboard in Resources */,
			);
			runOnlyForDeploymentPostprocessing = 0;
		};
/* End PBXResourcesBuildPhase section */

/* Begin PBXSourcesBuildPhase section */
		DD83D97623C1A93E00B0E833 /* Sources */ = {
			isa = PBXSourcesBuildPhase;
			buildActionMask = 2147483647;
			files = (
				DD83D99223C1AB6900B0E833 /* AlbumButton.swift in Sources */,
				DD83D97E23C1A93E00B0E833 /* AppDelegate.swift in Sources */,
				DD83D98023C1A93E00B0E833 /* SceneDelegate.swift in Sources */,
			);
			runOnlyForDeploymentPostprocessing = 0;
		};
/* End PBXSourcesBuildPhase section */

/* Begin PBXVariantGroup section */
		DD83D98323C1A93E00B0E833 /* Main.storyboard */ = {
			isa = PBXVariantGroup;
			children = (
				DD83D98423C1A93E00B0E833 /* Base */,
			);
			name = Main.storyboard;
			sourceTree = "<group>";
		};
		DD83D98823C1A93F00B0E833 /* LaunchScreen.storyboard */ = {
			isa = PBXVariantGroup;
			children = (
				DD83D98923C1A93F00B0E833 /* Base */,
			);
			name = LaunchScreen.storyboard;
			sourceTree = "<group>";
		};
/* End PBXVariantGroup section */

/* Begin XCBuildConfiguration section */
		DD83D98C23C1A93F00B0E833 /* Debug */ = {
			isa = XCBuildConfiguration;
			buildSettings = {
				ALWAYS_SEARCH_USER_PATHS = NO;
				CLANG_ANALYZER_NONNULL = YES;
				CLANG_ANALYZER_NUMBER_OBJECT_CONVERSION = YES_AGGRESSIVE;
				CLANG_CXX_LANGUAGE_STANDARD = "gnu++14";
				CLANG_CXX_LIBRARY = "libc++";
				CLANG_ENABLE_MODULES = YES;
				CLANG_ENABLE_OBJC_ARC = YES;
				CLANG_ENABLE_OBJC_WEAK = YES;
				CLANG_WARN_BLOCK_CAPTURE_AUTORELEASING = YES;
				CLANG_WARN_BOOL_CONVERSION = YES;
				CLANG_WARN_COMMA = YES;
				CLANG_WARN_CONSTANT_CONVERSION = YES;
				CLANG_WARN_DEPRECATED_OBJC_IMPLEMENTATIONS = YES;
				CLANG_WARN_DIRECT_OBJC_ISA_USAGE = YES_ERROR;
				CLANG_WARN_DOCUMENTATION_COMMENTS = YES;
				CLANG_WARN_EMPTY_BODY = YES;
				CLANG_WARN_ENUM_CONVERSION = YES;
				CLANG_WARN_INFINITE_RECURSION = YES;
				CLANG_WARN_INT_CONVERSION = YES;
				CLANG_WARN_NON_LITERAL_NULL_CONVERSION = YES;
				CLANG_WARN_OBJC_IMPLICIT_RETAIN_SELF = YES;
				CLANG_WARN_OBJC_LITERAL_CONVERSION = YES;
				CLANG_WARN_OBJC_ROOT_CLASS = YES_ERROR;
				CLANG_WARN_RANGE_LOOP_ANALYSIS = YES;
				CLANG_WARN_STRICT_PROTOTYPES = YES;
				CLANG_WARN_SUSPICIOUS_MOVE = YES;
				CLANG_WARN_UNGUARDED_AVAILABILITY = YES_AGGRESSIVE;
				CLANG_WARN_UNREACHABLE_CODE = YES;
				CLANG_WARN__DUPLICATE_METHOD_MATCH = YES;
				COPY_PHASE_STRIP = NO;
				DEBUG_INFORMATION_FORMAT = dwarf;
				ENABLE_STRICT_OBJC_MSGSEND = YES;
				ENABLE_TESTABILITY = YES;
				GCC_C_LANGUAGE_STANDARD = gnu11;
				GCC_DYNAMIC_NO_PIC = NO;
				GCC_NO_COMMON_BLOCKS = YES;
				GCC_OPTIMIZATION_LEVEL = 0;
				GCC_PREPROCESSOR_DEFINITIONS = (
					"DEBUG=1",
					"$(inherited)",
				);
				GCC_WARN_64_TO_32_BIT_CONVERSION = YES;
				GCC_WARN_ABOUT_RETURN_TYPE = YES_ERROR;
				GCC_WARN_UNDECLARED_SELECTOR = YES;
				GCC_WARN_UNINITIALIZED_AUTOS = YES_AGGRESSIVE;
				GCC_WARN_UNUSED_FUNCTION = YES;
				GCC_WARN_UNUSED_VARIABLE = YES;
				IPHONEOS_DEPLOYMENT_TARGET = 13.2;
				MTL_ENABLE_DEBUG_INFO = INCLUDE_SOURCE;
				MTL_FAST_MATH = YES;
				ONLY_ACTIVE_ARCH = YES;
				SDKROOT = iphoneos;
				SWIFT_ACTIVE_COMPILATION_CONDITIONS = DEBUG;
				SWIFT_OPTIMIZATION_LEVEL = "-Onone";
			};
			name = Debug;
		};
		DD83D98D23C1A93F00B0E833 /* Release */ = {
			isa = XCBuildConfiguration;
			buildSettings = {
				ALWAYS_SEARCH_USER_PATHS = NO;
				CLANG_ANALYZER_NONNULL = YES;
				CLANG_ANALYZER_NUMBER_OBJECT_CONVERSION = YES_AGGRESSIVE;
				CLANG_CXX_LANGUAGE_STANDARD = "gnu++14";
				CLANG_CXX_LIBRARY = "libc++";
				CLANG_ENABLE_MODULES = YES;
				CLANG_ENABLE_OBJC_ARC = YES;
				CLANG_ENABLE_OBJC_WEAK = YES;
				CLANG_WARN_BLOCK_CAPTURE_AUTORELEASING = YES;
				CLANG_WARN_BOOL_CONVERSION = YES;
				CLANG_WARN_COMMA = YES;
				CLANG_WARN_CONSTANT_CONVERSION = YES;
				CLANG_WARN_DEPRECATED_OBJC_IMPLEMENTATIONS = YES;
				CLANG_WARN_DIRECT_OBJC_ISA_USAGE = YES_ERROR;
				CLANG_WARN_DOCUMENTATION_COMMENTS = YES;
				CLANG_WARN_EMPTY_BODY = YES;
				CLANG_WARN_ENUM_CONVERSION = YES;
				CLANG_WARN_INFINITE_RECURSION = YES;
				CLANG_WARN_INT_CONVERSION = YES;
				CLANG_WARN_NON_LITERAL_NULL_CONVERSION = YES;
				CLANG_WARN_OBJC_IMPLICIT_RETAIN_SELF = YES;
				CLANG_WARN_OBJC_LITERAL_CONVERSION = YES;
				CLANG_WARN_OBJC_ROOT_CLASS = YES_ERROR;
				CLANG_WARN_RANGE_LOOP_ANALYSIS = YES;
				CLANG_WARN_STRICT_PROTOTYPES = YES;
				CLANG_WARN_SUSPICIOUS_MOVE = YES;
				CLANG_WARN_UNGUARDED_AVAILABILITY = YES_AGGRESSIVE;
				CLANG_WARN_UNREACHABLE_CODE = YES;
				CLANG_WARN__DUPLICATE_METHOD_MATCH = YES;
				COPY_PHASE_STRIP = NO;
				DEBUG_INFORMATION_FORMAT = "dwarf-with-dsym";
				ENABLE_NS_ASSERTIONS = NO;
				ENABLE_STRICT_OBJC_MSGSEND = YES;
				GCC_C_LANGUAGE_STANDARD = gnu11;
				GCC_NO_COMMON_BLOCKS = YES;
				GCC_WARN_64_TO_32_BIT_CONVERSION = YES;
				GCC_WARN_ABOUT_RETURN_TYPE = YES_ERROR;
				GCC_WARN_UNDECLARED_SELECTOR = YES;
				GCC_WARN_UNINITIALIZED_AUTOS = YES_AGGRESSIVE;
				GCC_WARN_UNUSED_FUNCTION = YES;
				GCC_WARN_UNUSED_VARIABLE = YES;
				IPHONEOS_DEPLOYMENT_TARGET = 13.2;
				MTL_ENABLE_DEBUG_INFO = NO;
				MTL_FAST_MATH = YES;
				SDKROOT = iphoneos;
				SWIFT_COMPILATION_MODE = wholemodule;
				SWIFT_OPTIMIZATION_LEVEL = "-O";
				VALIDATE_PRODUCT = YES;
			};
			name = Release;
		};
		DD83D98F23C1A93F00B0E833 /* Debug */ = {
			isa = XCBuildConfiguration;
			buildSettings = {
				ASSETCATALOG_COMPILER_APPICON_NAME = AppIcon;
				CODE_SIGN_STYLE = Automatic;
				DEVELOPMENT_TEAM = V3Q4LGSP39;
				INFOPLIST_FILE = KanyeWestMusicPlayer/Info.plist;
				LD_RUNPATH_SEARCH_PATHS = (
					"$(inherited)",
					"@executable_path/Frameworks",
				);
				PRODUCT_BUNDLE_IDENTIFIER = com.jamisolutions.KanyeWestMusicPlayer;
				PRODUCT_NAME = "$(TARGET_NAME)";
				SWIFT_VERSION = 5.0;
				TARGETED_DEVICE_FAMILY = "1,2";
			};
			name = Debug;
		};
		DD83D99023C1A93F00B0E833 /* Release */ = {
			isa = XCBuildConfiguration;
			buildSettings = {
				ASSETCATALOG_COMPILER_APPICON_NAME = AppIcon;
				CODE_SIGN_STYLE = Automatic;
				DEVELOPMENT_TEAM = V3Q4LGSP39;
				INFOPLIST_FILE = KanyeWestMusicPlayer/Info.plist;
				LD_RUNPATH_SEARCH_PATHS = (
					"$(inherited)",
					"@executable_path/Frameworks",
				);
				PRODUCT_BUNDLE_IDENTIFIER = com.jamisolutions.KanyeWestMusicPlayer;
				PRODUCT_NAME = "$(TARGET_NAME)";
				SWIFT_VERSION = 5.0;
				TARGETED_DEVICE_FAMILY = "1,2";
			};
			name = Release;
		};
/* End XCBuildConfiguration section */

/* Begin XCConfigurationList section */
		DD83D97523C1A93D00B0E833 /* Build configuration list for PBXProject "KanyeWestMusicPlayer" */ = {
			isa = XCConfigurationList;
			buildConfigurations = (
				DD83D98C23C1A93F00B0E833 /* Debug */,
				DD83D98D23C1A93F00B0E833 /* Release */,
			);
			defaultConfigurationIsVisible = 0;
			defaultConfigurationName = Release;
		};
		DD83D98E23C1A93F00B0E833 /* Build configuration list for PBXNativeTarget "KanyeWestMusicPlayer" */ = {
			isa = XCConfigurationList;
			buildConfigurations = (
				DD83D98F23C1A93F00B0E833 /* Debug */,
				DD83D99023C1A93F00B0E833 /* Release */,
			);
			defaultConfigurationIsVisible = 0;
			defaultConfigurationName = Release;
		};
/* End XCConfigurationList section */
	};
	rootObject = DD83D97223C1A93D00B0E833 /* Project object */;
}
